// !$*UTF8*$!
{
	archiveVersion = 1;
	classes = {
	};
	objectVersion = 46;
	objects = {

/* Begin PBXBuildFile section */
		1F97CAD919333857006F7519 /* AirTests.m in Sources */ = {isa = PBXBuildFile; fileRef = 1F97CAC219333857006F7519 /* AirTests.m */; };
		1F97CB5C19333ADB006F7519 /* Air.m in Sources */ = {isa = PBXBuildFile; fileRef = 1F97CADC19333ADB006F7519 /* Air.m */; };
		1F97CB5D19333ADB006F7519 /* Air.m in Sources */ = {isa = PBXBuildFile; fileRef = 1F97CADC19333ADB006F7519 /* Air.m */; };
		1F97CB5E19333ADB006F7519 /* Air_Version.m in Sources */ = {isa = PBXBuildFile; fileRef = 1F97CADF19333ADB006F7519 /* Air_Version.m */; };
		1F97CB5F19333ADB006F7519 /* Air_Version.m in Sources */ = {isa = PBXBuildFile; fileRef = 1F97CADF19333ADB006F7519 /* Air_Version.m */; };
		1F97CB6019333ADB006F7519 /* Air_MVC.m in Sources */ = {isa = PBXBuildFile; fileRef = 1F97CAE519333ADB006F7519 /* Air_MVC.m */; };
		1F97CB6119333ADB006F7519 /* Air_MVC.m in Sources */ = {isa = PBXBuildFile; fileRef = 1F97CAE519333ADB006F7519 /* Air_MVC.m */; };
		1F97CB6219333ADB006F7519 /* Air_Controller.m in Sources */ = {isa = PBXBuildFile; fileRef = 1F97CAE819333ADB006F7519 /* Air_Controller.m */; };
		1F97CB6319333ADB006F7519 /* Air_Controller.m in Sources */ = {isa = PBXBuildFile; fileRef = 1F97CAE819333ADB006F7519 /* Air_Controller.m */; };
		1F97CB6419333ADB006F7519 /* Air_Model.m in Sources */ = {isa = PBXBuildFile; fileRef = 1F97CAEB19333ADB006F7519 /* Air_Model.m */; };
		1F97CB6519333ADB006F7519 /* Air_Model.m in Sources */ = {isa = PBXBuildFile; fileRef = 1F97CAEB19333ADB006F7519 /* Air_Model.m */; };
		1F97CB6619333ADB006F7519 /* Air_View.m in Sources */ = {isa = PBXBuildFile; fileRef = 1F97CAEE19333ADB006F7519 /* Air_View.m */; };
		1F97CB6719333ADB006F7519 /* Air_View.m in Sources */ = {isa = PBXBuildFile; fileRef = 1F97CAEE19333ADB006F7519 /* Air_View.m */; };
		1F97CB6819333ADB006F7519 /* Air_System.m in Sources */ = {isa = PBXBuildFile; fileRef = 1F97CAFE19333ADB006F7519 /* Air_System.m */; };
		1F97CB6919333ADB006F7519 /* Air_System.m in Sources */ = {isa = PBXBuildFile; fileRef = 1F97CAFE19333ADB006F7519 /* Air_System.m */; };
		1F97CB6A19333ADB006F7519 /* Air_Foundation.m in Sources */ = {isa = PBXBuildFile; fileRef = 1F97CB0619333ADB006F7519 /* Air_Foundation.m */; };
		1F97CB6B19333ADB006F7519 /* Air_Foundation.m in Sources */ = {isa = PBXBuildFile; fileRef = 1F97CB0619333ADB006F7519 /* Air_Foundation.m */; };
		1F97CB6C19333ADB006F7519 /* Air_SystemInfo.m in Sources */ = {isa = PBXBuildFile; fileRef = 1F97CB0919333ADB006F7519 /* Air_SystemInfo.m */; };
		1F97CB6D19333ADB006F7519 /* Air_SystemInfo.m in Sources */ = {isa = PBXBuildFile; fileRef = 1F97CB0919333ADB006F7519 /* Air_SystemInfo.m */; };
		1F97CB6E19333ADB006F7519 /* coremotion.md in Resources */ = {isa = PBXBuildFile; fileRef = 1F97CB2619333ADB006F7519 /* coremotion.md */; };
		1F97CB6F19333ADB006F7519 /* coremotion.md in Resources */ = {isa = PBXBuildFile; fileRef = 1F97CB2619333ADB006F7519 /* coremotion.md */; };
		1F97CB7019333ADB006F7519 /* badge.md in Resources */ = {isa = PBXBuildFile; fileRef = 1F97CB2C19333ADB006F7519 /* badge.md */; };
		1F97CB7119333ADB006F7519 /* badge.md in Resources */ = {isa = PBXBuildFile; fileRef = 1F97CB2C19333ADB006F7519 /* badge.md */; };
		1F97CB7819333ADB006F7519 /* tabbar.md in Resources */ = {isa = PBXBuildFile; fileRef = 1F97CB3819333ADB006F7519 /* tabbar.md */; };
		1F97CB7919333ADB006F7519 /* tabbar.md in Resources */ = {isa = PBXBuildFile; fileRef = 1F97CB3819333ADB006F7519 /* tabbar.md */; };
		1F97CB7A19333ADB006F7519 /* toolbar.md in Resources */ = {isa = PBXBuildFile; fileRef = 1F97CB3A19333ADB006F7519 /* toolbar.md */; };
		1F97CB7B19333ADB006F7519 /* toolbar.md in Resources */ = {isa = PBXBuildFile; fileRef = 1F97CB3A19333ADB006F7519 /* toolbar.md */; };
		1F97CB7C19333ADB006F7519 /* hud.md in Resources */ = {isa = PBXBuildFile; fileRef = 1F97CB4119333ADB006F7519 /* hud.md */; };
		1F97CB7D19333ADB006F7519 /* hud.md in Resources */ = {isa = PBXBuildFile; fileRef = 1F97CB4119333ADB006F7519 /* hud.md */; };
		1F97CB841933414D006F7519 /* Air_UITabBar.m in Sources */ = {isa = PBXBuildFile; fileRef = 1F97CB7F1933414D006F7519 /* Air_UITabBar.m */; };
		1F97CB851933414D006F7519 /* Air_UITabBar.m in Sources */ = {isa = PBXBuildFile; fileRef = 1F97CB7F1933414D006F7519 /* Air_UITabBar.m */; };
		1F97CB861933414D006F7519 /* Air_UITabBarController.m in Sources */ = {isa = PBXBuildFile; fileRef = 1F97CB811933414D006F7519 /* Air_UITabBarController.m */; };
		1F97CB871933414D006F7519 /* Air_UITabBarController.m in Sources */ = {isa = PBXBuildFile; fileRef = 1F97CB811933414D006F7519 /* Air_UITabBarController.m */; };
		1F97CB881933414D006F7519 /* Air_UITabBarItem.m in Sources */ = {isa = PBXBuildFile; fileRef = 1F97CB831933414D006F7519 /* Air_UITabBarItem.m */; };
		1F97CB891933414D006F7519 /* Air_UITabBarItem.m in Sources */ = {isa = PBXBuildFile; fileRef = 1F97CB831933414D006F7519 /* Air_UITabBarItem.m */; };
		1F97CB9F1933460A006F7519 /* first_normal.png in Resources */ = {isa = PBXBuildFile; fileRef = 1F97CB8B1933460A006F7519 /* first_normal.png */; };
		1F97CBA01933460A006F7519 /* first_normal.png in Resources */ = {isa = PBXBuildFile; fileRef = 1F97CB8B1933460A006F7519 /* first_normal.png */; };
		1F97CBA11933460A006F7519 /* first_normal@2x.png in Resources */ = {isa = PBXBuildFile; fileRef = 1F97CB8C1933460A006F7519 /* first_normal@2x.png */; };
		1F97CBA21933460A006F7519 /* first_normal@2x.png in Resources */ = {isa = PBXBuildFile; fileRef = 1F97CB8C1933460A006F7519 /* first_normal@2x.png */; };
		1F97CBA31933460A006F7519 /* first_selected.png in Resources */ = {isa = PBXBuildFile; fileRef = 1F97CB8D1933460A006F7519 /* first_selected.png */; };
		1F97CBA41933460A006F7519 /* first_selected.png in Resources */ = {isa = PBXBuildFile; fileRef = 1F97CB8D1933460A006F7519 /* first_selected.png */; };
		1F97CBA51933460A006F7519 /* first_selected@2x.png in Resources */ = {isa = PBXBuildFile; fileRef = 1F97CB8E1933460A006F7519 /* first_selected@2x.png */; };
		1F97CBA61933460A006F7519 /* first_selected@2x.png in Resources */ = {isa = PBXBuildFile; fileRef = 1F97CB8E1933460A006F7519 /* first_selected@2x.png */; };
		1F97CBA71933460A006F7519 /* navigationbar_background.png in Resources */ = {isa = PBXBuildFile; fileRef = 1F97CB8F1933460A006F7519 /* navigationbar_background.png */; };
		1F97CBA81933460A006F7519 /* navigationbar_background.png in Resources */ = {isa = PBXBuildFile; fileRef = 1F97CB8F1933460A006F7519 /* navigationbar_background.png */; };
		1F97CBA91933460A006F7519 /* navigationbar_background@2x.png in Resources */ = {isa = PBXBuildFile; fileRef = 1F97CB901933460A006F7519 /* navigationbar_background@2x.png */; };
		1F97CBAA1933460A006F7519 /* navigationbar_background@2x.png in Resources */ = {isa = PBXBuildFile; fileRef = 1F97CB901933460A006F7519 /* navigationbar_background@2x.png */; };
		1F97CBAB1933460A006F7519 /* navigationbar_background_tall.png in Resources */ = {isa = PBXBuildFile; fileRef = 1F97CB911933460A006F7519 /* navigationbar_background_tall.png */; };
		1F97CBAC1933460A006F7519 /* navigationbar_background_tall.png in Resources */ = {isa = PBXBuildFile; fileRef = 1F97CB911933460A006F7519 /* navigationbar_background_tall.png */; };
		1F97CBAD1933460A006F7519 /* navigationbar_background_tall@2x.png in Resources */ = {isa = PBXBuildFile; fileRef = 1F97CB921933460A006F7519 /* navigationbar_background_tall@2x.png */; };
		1F97CBAE1933460A006F7519 /* navigationbar_background_tall@2x.png in Resources */ = {isa = PBXBuildFile; fileRef = 1F97CB921933460A006F7519 /* navigationbar_background_tall@2x.png */; };
		1F97CBAF1933460A006F7519 /* second_normal.png in Resources */ = {isa = PBXBuildFile; fileRef = 1F97CB931933460A006F7519 /* second_normal.png */; };
		1F97CBB01933460A006F7519 /* second_normal.png in Resources */ = {isa = PBXBuildFile; fileRef = 1F97CB931933460A006F7519 /* second_normal.png */; };
		1F97CBB11933460A006F7519 /* second_normal@2x.png in Resources */ = {isa = PBXBuildFile; fileRef = 1F97CB941933460A006F7519 /* second_normal@2x.png */; };
		1F97CBB21933460A006F7519 /* second_normal@2x.png in Resources */ = {isa = PBXBuildFile; fileRef = 1F97CB941933460A006F7519 /* second_normal@2x.png */; };
		1F97CBB31933460A006F7519 /* second_selected.png in Resources */ = {isa = PBXBuildFile; fileRef = 1F97CB951933460A006F7519 /* second_selected.png */; };
		1F97CBB41933460A006F7519 /* second_selected.png in Resources */ = {isa = PBXBuildFile; fileRef = 1F97CB951933460A006F7519 /* second_selected.png */; };
		1F97CBB51933460A006F7519 /* second_selected@2x.png in Resources */ = {isa = PBXBuildFile; fileRef = 1F97CB961933460A006F7519 /* second_selected@2x.png */; };
		1F97CBB61933460A006F7519 /* second_selected@2x.png in Resources */ = {isa = PBXBuildFile; fileRef = 1F97CB961933460A006F7519 /* second_selected@2x.png */; };
		1F97CBB71933460A006F7519 /* tabbar_normal_background.png in Resources */ = {isa = PBXBuildFile; fileRef = 1F97CB971933460A006F7519 /* tabbar_normal_background.png */; };
		1F97CBB81933460A006F7519 /* tabbar_normal_background.png in Resources */ = {isa = PBXBuildFile; fileRef = 1F97CB971933460A006F7519 /* tabbar_normal_background.png */; };
		1F97CBB91933460A006F7519 /* tabbar_normal_background@2x.png in Resources */ = {isa = PBXBuildFile; fileRef = 1F97CB981933460A006F7519 /* tabbar_normal_background@2x.png */; };
		1F97CBBA1933460A006F7519 /* tabbar_normal_background@2x.png in Resources */ = {isa = PBXBuildFile; fileRef = 1F97CB981933460A006F7519 /* tabbar_normal_background@2x.png */; };
		1F97CBBB1933460A006F7519 /* tabbar_selected_background.png in Resources */ = {isa = PBXBuildFile; fileRef = 1F97CB991933460A006F7519 /* tabbar_selected_background.png */; };
		1F97CBBC1933460A006F7519 /* tabbar_selected_background.png in Resources */ = {isa = PBXBuildFile; fileRef = 1F97CB991933460A006F7519 /* tabbar_selected_background.png */; };
		1F97CBBD1933460A006F7519 /* tabbar_selected_background@2x.png in Resources */ = {isa = PBXBuildFile; fileRef = 1F97CB9A1933460A006F7519 /* tabbar_selected_background@2x.png */; };
		1F97CBBE1933460A006F7519 /* tabbar_selected_background@2x.png in Resources */ = {isa = PBXBuildFile; fileRef = 1F97CB9A1933460A006F7519 /* tabbar_selected_background@2x.png */; };
		1F97CBBF1933460A006F7519 /* third_normal.png in Resources */ = {isa = PBXBuildFile; fileRef = 1F97CB9B1933460A006F7519 /* third_normal.png */; };
		1F97CBC01933460A006F7519 /* third_normal.png in Resources */ = {isa = PBXBuildFile; fileRef = 1F97CB9B1933460A006F7519 /* third_normal.png */; };
		1F97CBC11933460A006F7519 /* third_normal@2x.png in Resources */ = {isa = PBXBuildFile; fileRef = 1F97CB9C1933460A006F7519 /* third_normal@2x.png */; };
		1F97CBC21933460A006F7519 /* third_normal@2x.png in Resources */ = {isa = PBXBuildFile; fileRef = 1F97CB9C1933460A006F7519 /* third_normal@2x.png */; };
		1F97CBC31933460A006F7519 /* third_selected.png in Resources */ = {isa = PBXBuildFile; fileRef = 1F97CB9D1933460A006F7519 /* third_selected.png */; };
		1F97CBC41933460A006F7519 /* third_selected.png in Resources */ = {isa = PBXBuildFile; fileRef = 1F97CB9D1933460A006F7519 /* third_selected.png */; };
		1F97CBC51933460A006F7519 /* third_selected@2x.png in Resources */ = {isa = PBXBuildFile; fileRef = 1F97CB9E1933460A006F7519 /* third_selected@2x.png */; };
		1F97CBC61933460A006F7519 /* third_selected@2x.png in Resources */ = {isa = PBXBuildFile; fileRef = 1F97CB9E1933460A006F7519 /* third_selected@2x.png */; };
		1F97CBD3193349AC006F7519 /* asset.xcassets in Resources */ = {isa = PBXBuildFile; fileRef = 1F97CBD2193349AC006F7519 /* asset.xcassets */; };
		1F97CBD4193349AC006F7519 /* asset.xcassets in Resources */ = {isa = PBXBuildFile; fileRef = 1F97CBD2193349AC006F7519 /* asset.xcassets */; };
		1F97CBDF19337BD7006F7519 /* UIImage+AirExtension.m in Sources */ = {isa = PBXBuildFile; fileRef = 1F97CBDE19337BD7006F7519 /* UIImage+AirExtension.m */; };
		1F97CBE019337BD7006F7519 /* UIImage+AirExtension.m in Sources */ = {isa = PBXBuildFile; fileRef = 1F97CBDE19337BD7006F7519 /* UIImage+AirExtension.m */; };
		1F97CBE319337BE8006F7519 /* UIFont+AirExtension.m in Sources */ = {isa = PBXBuildFile; fileRef = 1F97CBE219337BE8006F7519 /* UIFont+AirExtension.m */; };
		1F97CBE419337BE8006F7519 /* UIFont+AirExtension.m in Sources */ = {isa = PBXBuildFile; fileRef = 1F97CBE219337BE8006F7519 /* UIFont+AirExtension.m */; };
		1FE80AB71932ECEA00DC3D69 /* Foundation.framework in Frameworks */ = {isa = PBXBuildFile; fileRef = 1FE80AB61932ECEA00DC3D69 /* Foundation.framework */; };
		1FE80AB91932ECEA00DC3D69 /* CoreGraphics.framework in Frameworks */ = {isa = PBXBuildFile; fileRef = 1FE80AB81932ECEA00DC3D69 /* CoreGraphics.framework */; };
		1FE80ABB1932ECEA00DC3D69 /* UIKit.framework in Frameworks */ = {isa = PBXBuildFile; fileRef = 1FE80ABA1932ECEA00DC3D69 /* UIKit.framework */; };
		1FE80AC11932ECEA00DC3D69 /* InfoPlist.strings in Resources */ = {isa = PBXBuildFile; fileRef = 1FE80ABF1932ECEA00DC3D69 /* InfoPlist.strings */; };
		1FE80AC31932ECEA00DC3D69 /* main.m in Sources */ = {isa = PBXBuildFile; fileRef = 1FE80AC21932ECEA00DC3D69 /* main.m */; };
		1FE80AC71932ECEA00DC3D69 /* BoodexAppDelegate.m in Sources */ = {isa = PBXBuildFile; fileRef = 1FE80AC61932ECEA00DC3D69 /* BoodexAppDelegate.m */; };
		1FE80ACA1932ECEA00DC3D69 /* Main_iPhone.storyboard in Resources */ = {isa = PBXBuildFile; fileRef = 1FE80AC81932ECEA00DC3D69 /* Main_iPhone.storyboard */; };
		1FE80ACD1932ECEA00DC3D69 /* Main_iPad.storyboard in Resources */ = {isa = PBXBuildFile; fileRef = 1FE80ACB1932ECEA00DC3D69 /* Main_iPad.storyboard */; };
		1FE80AD01932ECEA00DC3D69 /* BoodexViewController.m in Sources */ = {isa = PBXBuildFile; fileRef = 1FE80ACF1932ECEA00DC3D69 /* BoodexViewController.m */; };
		1FE80AD21932ECEA00DC3D69 /* Images.xcassets in Resources */ = {isa = PBXBuildFile; fileRef = 1FE80AD11932ECEA00DC3D69 /* Images.xcassets */; };
		1FE80AD91932ECEA00DC3D69 /* XCTest.framework in Frameworks */ = {isa = PBXBuildFile; fileRef = 1FE80AD81932ECEA00DC3D69 /* XCTest.framework */; };
		1FE80ADA1932ECEA00DC3D69 /* Foundation.framework in Frameworks */ = {isa = PBXBuildFile; fileRef = 1FE80AB61932ECEA00DC3D69 /* Foundation.framework */; };
		1FE80ADB1932ECEA00DC3D69 /* UIKit.framework in Frameworks */ = {isa = PBXBuildFile; fileRef = 1FE80ABA1932ECEA00DC3D69 /* UIKit.framework */; };
		1FE80AE31932ECEA00DC3D69 /* InfoPlist.strings in Resources */ = {isa = PBXBuildFile; fileRef = 1FE80AE11932ECEA00DC3D69 /* InfoPlist.strings */; };
		40BCD4322E4640D687A451A0 /* libPods-BoodexTests.a in Frameworks */ = {isa = PBXBuildFile; fileRef = 1C51C4886D714E8C9D55DA33 /* libPods-BoodexTests.a */; };
/* End PBXBuildFile section */

/* Begin PBXContainerItemProxy section */
		1FE80ADC1932ECEA00DC3D69 /* PBXContainerItemProxy */ = {
			isa = PBXContainerItemProxy;
			containerPortal = 1FE80AAB1932ECEA00DC3D69 /* Project object */;
			proxyType = 1;
			remoteGlobalIDString = 1FE80AB21932ECEA00DC3D69;
			remoteInfo = Boodex;
		};
/* End PBXContainerItemProxy section */

/* Begin PBXFileReference section */
		1C51C4886D714E8C9D55DA33 /* libPods-BoodexTests.a */ = {isa = PBXFileReference; explicitFileType = archive.ar; includeInIndex = 0; path = "libPods-BoodexTests.a"; sourceTree = BUILT_PRODUCTS_DIR; };
		1F3FA157265945C89712F558 /* Pods-BoodexTests.xcconfig */ = {isa = PBXFileReference; includeInIndex = 1; lastKnownFileType = text.xcconfig; name = "Pods-BoodexTests.xcconfig"; path = "Pods/Pods-BoodexTests.xcconfig"; sourceTree = "<group>"; };
		1F97CAC219333857006F7519 /* AirTests.m */ = {isa = PBXFileReference; fileEncoding = 4; lastKnownFileType = sourcecode.c.objc; path = AirTests.m; sourceTree = "<group>"; };
		1F97CACE19333857006F7519 /* Air_Singleton.h */ = {isa = PBXFileReference; fileEncoding = 4; lastKnownFileType = sourcecode.c.h; path = Air_Singleton.h; sourceTree = "<group>"; };
		1F97CADB19333ADB006F7519 /* Air.h */ = {isa = PBXFileReference; fileEncoding = 4; lastKnownFileType = sourcecode.c.h; path = Air.h; sourceTree = "<group>"; };
		1F97CADC19333ADB006F7519 /* Air.m */ = {isa = PBXFileReference; fileEncoding = 4; lastKnownFileType = sourcecode.c.objc; path = Air.m; sourceTree = "<group>"; };
		1F97CADD19333ADB006F7519 /* Air_Precompile.h */ = {isa = PBXFileReference; fileEncoding = 4; lastKnownFileType = sourcecode.c.h; path = Air_Precompile.h; sourceTree = "<group>"; };
		1F97CADE19333ADB006F7519 /* Air_Version.h */ = {isa = PBXFileReference; fileEncoding = 4; lastKnownFileType = sourcecode.c.h; path = Air_Version.h; sourceTree = "<group>"; };
		1F97CADF19333ADB006F7519 /* Air_Version.m */ = {isa = PBXFileReference; fileEncoding = 4; lastKnownFileType = sourcecode.c.objc; path = Air_Version.m; sourceTree = "<group>"; };
		1F97CAE419333ADB006F7519 /* Air_MVC.h */ = {isa = PBXFileReference; fileEncoding = 4; lastKnownFileType = sourcecode.c.h; path = Air_MVC.h; sourceTree = "<group>"; };
		1F97CAE519333ADB006F7519 /* Air_MVC.m */ = {isa = PBXFileReference; fileEncoding = 4; lastKnownFileType = sourcecode.c.objc; path = Air_MVC.m; sourceTree = "<group>"; };
		1F97CAE719333ADB006F7519 /* Air_Controller.h */ = {isa = PBXFileReference; fileEncoding = 4; lastKnownFileType = sourcecode.c.h; path = Air_Controller.h; sourceTree = "<group>"; };
		1F97CAE819333ADB006F7519 /* Air_Controller.m */ = {isa = PBXFileReference; fileEncoding = 4; lastKnownFileType = sourcecode.c.objc; path = Air_Controller.m; sourceTree = "<group>"; };
		1F97CAEA19333ADB006F7519 /* Air_Model.h */ = {isa = PBXFileReference; fileEncoding = 4; lastKnownFileType = sourcecode.c.h; path = Air_Model.h; sourceTree = "<group>"; };
		1F97CAEB19333ADB006F7519 /* Air_Model.m */ = {isa = PBXFileReference; fileEncoding = 4; lastKnownFileType = sourcecode.c.objc; path = Air_Model.m; sourceTree = "<group>"; };
		1F97CAED19333ADB006F7519 /* Air_View.h */ = {isa = PBXFileReference; fileEncoding = 4; lastKnownFileType = sourcecode.c.h; path = Air_View.h; sourceTree = "<group>"; };
		1F97CAEE19333ADB006F7519 /* Air_View.m */ = {isa = PBXFileReference; fileEncoding = 4; lastKnownFileType = sourcecode.c.objc; path = Air_View.m; sourceTree = "<group>"; };
		1F97CAFD19333ADB006F7519 /* Air_System.h */ = {isa = PBXFileReference; fileEncoding = 4; lastKnownFileType = sourcecode.c.h; path = Air_System.h; sourceTree = "<group>"; };
		1F97CAFE19333ADB006F7519 /* Air_System.m */ = {isa = PBXFileReference; fileEncoding = 4; lastKnownFileType = sourcecode.c.objc; path = Air_System.m; sourceTree = "<group>"; };
		1F97CB0519333ADB006F7519 /* Air_Foundation.h */ = {isa = PBXFileReference; fileEncoding = 4; lastKnownFileType = sourcecode.c.h; path = Air_Foundation.h; sourceTree = "<group>"; };
		1F97CB0619333ADB006F7519 /* Air_Foundation.m */ = {isa = PBXFileReference; fileEncoding = 4; lastKnownFileType = sourcecode.c.objc; path = Air_Foundation.m; sourceTree = "<group>"; };
		1F97CB0719333ADB006F7519 /* Air_Singleton.h */ = {isa = PBXFileReference; fileEncoding = 4; lastKnownFileType = sourcecode.c.h; path = Air_Singleton.h; sourceTree = "<group>"; };
		1F97CB0819333ADB006F7519 /* Air_SystemInfo.h */ = {isa = PBXFileReference; fileEncoding = 4; lastKnownFileType = sourcecode.c.h; path = Air_SystemInfo.h; sourceTree = "<group>"; };
		1F97CB0919333ADB006F7519 /* Air_SystemInfo.m */ = {isa = PBXFileReference; fileEncoding = 4; lastKnownFileType = sourcecode.c.objc; path = Air_SystemInfo.m; sourceTree = "<group>"; };
		1F97CB1419333ADB006F7519 /* Air_Vendor.h */ = {isa = PBXFileReference; fileEncoding = 4; lastKnownFileType = sourcecode.c.h; path = Air_Vendor.h; sourceTree = "<group>"; };
		1F97CB1719333ADB006F7519 /* Air_VendorCommon.h */ = {isa = PBXFileReference; fileEncoding = 4; lastKnownFileType = sourcecode.c.h; path = Air_VendorCommon.h; sourceTree = "<group>"; };
		1F97CB1B19333ADB006F7519 /* Air_VendorDatabase.h */ = {isa = PBXFileReference; fileEncoding = 4; lastKnownFileType = sourcecode.c.h; path = Air_VendorDatabase.h; sourceTree = "<group>"; };
		1F97CB1D19333ADB006F7519 /* Air_VendorMultimedia.h */ = {isa = PBXFileReference; fileEncoding = 4; lastKnownFileType = sourcecode.c.h; path = Air_VendorMultimedia.h; sourceTree = "<group>"; };
		1F97CB2219333ADB006F7519 /* Air_VendorNetwork.h */ = {isa = PBXFileReference; fileEncoding = 4; lastKnownFileType = sourcecode.c.h; path = Air_VendorNetwork.h; sourceTree = "<group>"; };
		1F97CB2419333ADB006F7519 /* Air_VendorSensor.h */ = {isa = PBXFileReference; fileEncoding = 4; lastKnownFileType = sourcecode.c.h; path = Air_VendorSensor.h; sourceTree = "<group>"; };
		1F97CB2619333ADB006F7519 /* coremotion.md */ = {isa = PBXFileReference; fileEncoding = 4; lastKnownFileType = text; path = coremotion.md; sourceTree = "<group>"; };
		1F97CB2819333ADB006F7519 /* Air_VendorUI.h */ = {isa = PBXFileReference; fileEncoding = 4; lastKnownFileType = sourcecode.c.h; path = Air_VendorUI.h; sourceTree = "<group>"; };
		1F97CB2C19333ADB006F7519 /* badge.md */ = {isa = PBXFileReference; fileEncoding = 4; lastKnownFileType = text; path = badge.md; sourceTree = "<group>"; };
		1F97CB3819333ADB006F7519 /* tabbar.md */ = {isa = PBXFileReference; fileEncoding = 4; lastKnownFileType = text; path = tabbar.md; sourceTree = "<group>"; };
		1F97CB3A19333ADB006F7519 /* toolbar.md */ = {isa = PBXFileReference; fileEncoding = 4; lastKnownFileType = text; path = toolbar.md; sourceTree = "<group>"; };
		1F97CB4119333ADB006F7519 /* hud.md */ = {isa = PBXFileReference; fileEncoding = 4; lastKnownFileType = text; path = hud.md; sourceTree = "<group>"; };
		1F97CB7E1933414D006F7519 /* Air_UITabBar.h */ = {isa = PBXFileReference; fileEncoding = 4; lastKnownFileType = sourcecode.c.h; path = Air_UITabBar.h; sourceTree = "<group>"; };
		1F97CB7F1933414D006F7519 /* Air_UITabBar.m */ = {isa = PBXFileReference; fileEncoding = 4; lastKnownFileType = sourcecode.c.objc; path = Air_UITabBar.m; sourceTree = "<group>"; };
		1F97CB801933414D006F7519 /* Air_UITabBarController.h */ = {isa = PBXFileReference; fileEncoding = 4; lastKnownFileType = sourcecode.c.h; path = Air_UITabBarController.h; sourceTree = "<group>"; };
		1F97CB811933414D006F7519 /* Air_UITabBarController.m */ = {isa = PBXFileReference; fileEncoding = 4; lastKnownFileType = sourcecode.c.objc; path = Air_UITabBarController.m; sourceTree = "<group>"; };
		1F97CB821933414D006F7519 /* Air_UITabBarItem.h */ = {isa = PBXFileReference; fileEncoding = 4; lastKnownFileType = sourcecode.c.h; path = Air_UITabBarItem.h; sourceTree = "<group>"; };
		1F97CB831933414D006F7519 /* Air_UITabBarItem.m */ = {isa = PBXFileReference; fileEncoding = 4; lastKnownFileType = sourcecode.c.objc; path = Air_UITabBarItem.m; sourceTree = "<group>"; };
		1F97CB8B1933460A006F7519 /* first_normal.png */ = {isa = PBXFileReference; lastKnownFileType = image.png; path = first_normal.png; sourceTree = "<group>"; };
		1F97CB8C1933460A006F7519 /* first_normal@2x.png */ = {isa = PBXFileReference; lastKnownFileType = image.png; path = "first_normal@2x.png"; sourceTree = "<group>"; };
		1F97CB8D1933460A006F7519 /* first_selected.png */ = {isa = PBXFileReference; lastKnownFileType = image.png; path = first_selected.png; sourceTree = "<group>"; };
		1F97CB8E1933460A006F7519 /* first_selected@2x.png */ = {isa = PBXFileReference; lastKnownFileType = image.png; path = "first_selected@2x.png"; sourceTree = "<group>"; };
		1F97CB8F1933460A006F7519 /* navigationbar_background.png */ = {isa = PBXFileReference; lastKnownFileType = image.png; path = navigationbar_background.png; sourceTree = "<group>"; };
		1F97CB901933460A006F7519 /* navigationbar_background@2x.png */ = {isa = PBXFileReference; lastKnownFileType = image.png; path = "navigationbar_background@2x.png"; sourceTree = "<group>"; };
		1F97CB911933460A006F7519 /* navigationbar_background_tall.png */ = {isa = PBXFileReference; lastKnownFileType = image.png; path = navigationbar_background_tall.png; sourceTree = "<group>"; };
		1F97CB921933460A006F7519 /* navigationbar_background_tall@2x.png */ = {isa = PBXFileReference; lastKnownFileType = image.png; path = "navigationbar_background_tall@2x.png"; sourceTree = "<group>"; };
		1F97CB931933460A006F7519 /* second_normal.png */ = {isa = PBXFileReference; lastKnownFileType = image.png; path = second_normal.png; sourceTree = "<group>"; };
		1F97CB941933460A006F7519 /* second_normal@2x.png */ = {isa = PBXFileReference; lastKnownFileType = image.png; path = "second_normal@2x.png"; sourceTree = "<group>"; };
		1F97CB951933460A006F7519 /* second_selected.png */ = {isa = PBXFileReference; lastKnownFileType = image.png; path = second_selected.png; sourceTree = "<group>"; };
		1F97CB961933460A006F7519 /* second_selected@2x.png */ = {isa = PBXFileReference; lastKnownFileType = image.png; path = "second_selected@2x.png"; sourceTree = "<group>"; };
		1F97CB971933460A006F7519 /* tabbar_normal_background.png */ = {isa = PBXFileReference; lastKnownFileType = image.png; path = tabbar_normal_background.png; sourceTree = "<group>"; };
		1F97CB981933460A006F7519 /* tabbar_normal_background@2x.png */ = {isa = PBXFileReference; lastKnownFileType = image.png; path = "tabbar_normal_background@2x.png"; sourceTree = "<group>"; };
		1F97CB991933460A006F7519 /* tabbar_selected_background.png */ = {isa = PBXFileReference; lastKnownFileType = image.png; path = tabbar_selected_background.png; sourceTree = "<group>"; };
		1F97CB9A1933460A006F7519 /* tabbar_selected_background@2x.png */ = {isa = PBXFileReference; lastKnownFileType = image.png; path = "tabbar_selected_background@2x.png"; sourceTree = "<group>"; };
		1F97CB9B1933460A006F7519 /* third_normal.png */ = {isa = PBXFileReference; lastKnownFileType = image.png; path = third_normal.png; sourceTree = "<group>"; };
		1F97CB9C1933460A006F7519 /* third_normal@2x.png */ = {isa = PBXFileReference; lastKnownFileType = image.png; path = "third_normal@2x.png"; sourceTree = "<group>"; };
		1F97CB9D1933460A006F7519 /* third_selected.png */ = {isa = PBXFileReference; lastKnownFileType = image.png; path = third_selected.png; sourceTree = "<group>"; };
		1F97CB9E1933460A006F7519 /* third_selected@2x.png */ = {isa = PBXFileReference; lastKnownFileType = image.png; path = "third_selected@2x.png"; sourceTree = "<group>"; };
		1F97CBD2193349AC006F7519 /* asset.xcassets */ = {isa = PBXFileReference; lastKnownFileType = folder.assetcatalog; path = asset.xcassets; sourceTree = "<group>"; };
		1F97CBDD19337BD7006F7519 /* UIImage+AirExtension.h */ = {isa = PBXFileReference; fileEncoding = 4; lastKnownFileType = sourcecode.c.h; path = "UIImage+AirExtension.h"; sourceTree = "<group>"; };
		1F97CBDE19337BD7006F7519 /* UIImage+AirExtension.m */ = {isa = PBXFileReference; fileEncoding = 4; lastKnownFileType = sourcecode.c.objc; path = "UIImage+AirExtension.m"; sourceTree = "<group>"; };
		1F97CBE119337BE8006F7519 /* UIFont+AirExtension.h */ = {isa = PBXFileReference; fileEncoding = 4; lastKnownFileType = sourcecode.c.h; path = "UIFont+AirExtension.h"; sourceTree = "<group>"; };
		1F97CBE219337BE8006F7519 /* UIFont+AirExtension.m */ = {isa = PBXFileReference; fileEncoding = 4; lastKnownFileType = sourcecode.c.objc; path = "UIFont+AirExtension.m"; sourceTree = "<group>"; };
		1FE80AB31932ECEA00DC3D69 /* Boodex.app */ = {isa = PBXFileReference; explicitFileType = wrapper.application; includeInIndex = 0; path = Boodex.app; sourceTree = BUILT_PRODUCTS_DIR; };
		1FE80AB61932ECEA00DC3D69 /* Foundation.framework */ = {isa = PBXFileReference; lastKnownFileType = wrapper.framework; name = Foundation.framework; path = System/Library/Frameworks/Foundation.framework; sourceTree = SDKROOT; };
		1FE80AB81932ECEA00DC3D69 /* CoreGraphics.framework */ = {isa = PBXFileReference; lastKnownFileType = wrapper.framework; name = CoreGraphics.framework; path = System/Library/Frameworks/CoreGraphics.framework; sourceTree = SDKROOT; };
		1FE80ABA1932ECEA00DC3D69 /* UIKit.framework */ = {isa = PBXFileReference; lastKnownFileType = wrapper.framework; name = UIKit.framework; path = System/Library/Frameworks/UIKit.framework; sourceTree = SDKROOT; };
		1FE80ABE1932ECEA00DC3D69 /* Boodex-Info.plist */ = {isa = PBXFileReference; lastKnownFileType = text.plist.xml; path = "Boodex-Info.plist"; sourceTree = "<group>"; };
		1FE80AC01932ECEA00DC3D69 /* en */ = {isa = PBXFileReference; lastKnownFileType = text.plist.strings; name = en; path = en.lproj/InfoPlist.strings; sourceTree = "<group>"; };
		1FE80AC21932ECEA00DC3D69 /* main.m */ = {isa = PBXFileReference; lastKnownFileType = sourcecode.c.objc; path = main.m; sourceTree = "<group>"; };
		1FE80AC41932ECEA00DC3D69 /* Boodex-Prefix.pch */ = {isa = PBXFileReference; lastKnownFileType = sourcecode.c.h; path = "Boodex-Prefix.pch"; sourceTree = "<group>"; };
		1FE80AC51932ECEA00DC3D69 /* BoodexAppDelegate.h */ = {isa = PBXFileReference; lastKnownFileType = sourcecode.c.h; path = BoodexAppDelegate.h; sourceTree = "<group>"; };
		1FE80AC61932ECEA00DC3D69 /* BoodexAppDelegate.m */ = {isa = PBXFileReference; lastKnownFileType = sourcecode.c.objc; path = BoodexAppDelegate.m; sourceTree = "<group>"; };
		1FE80AC91932ECEA00DC3D69 /* Base */ = {isa = PBXFileReference; lastKnownFileType = file.storyboard; name = Base; path = Base.lproj/Main_iPhone.storyboard; sourceTree = "<group>"; };
		1FE80ACC1932ECEA00DC3D69 /* Base */ = {isa = PBXFileReference; lastKnownFileType = file.storyboard; name = Base; path = Base.lproj/Main_iPad.storyboard; sourceTree = "<group>"; };
		1FE80ACE1932ECEA00DC3D69 /* BoodexViewController.h */ = {isa = PBXFileReference; lastKnownFileType = sourcecode.c.h; path = BoodexViewController.h; sourceTree = "<group>"; };
		1FE80ACF1932ECEA00DC3D69 /* BoodexViewController.m */ = {isa = PBXFileReference; lastKnownFileType = sourcecode.c.objc; path = BoodexViewController.m; sourceTree = "<group>"; };
		1FE80AD11932ECEA00DC3D69 /* Images.xcassets */ = {isa = PBXFileReference; lastKnownFileType = folder.assetcatalog; path = Images.xcassets; sourceTree = "<group>"; };
		1FE80AD71932ECEA00DC3D69 /* BoodexTests.xctest */ = {isa = PBXFileReference; explicitFileType = wrapper.cfbundle; includeInIndex = 0; path = BoodexTests.xctest; sourceTree = BUILT_PRODUCTS_DIR; };
		1FE80AD81932ECEA00DC3D69 /* XCTest.framework */ = {isa = PBXFileReference; lastKnownFileType = wrapper.framework; name = XCTest.framework; path = Library/Frameworks/XCTest.framework; sourceTree = DEVELOPER_DIR; };
		1FE80AE01932ECEA00DC3D69 /* BoodexTests-Info.plist */ = {isa = PBXFileReference; lastKnownFileType = text.plist.xml; path = "BoodexTests-Info.plist"; sourceTree = "<group>"; };
		1FE80AE21932ECEA00DC3D69 /* en */ = {isa = PBXFileReference; lastKnownFileType = text.plist.strings; name = en; path = en.lproj/InfoPlist.strings; sourceTree = "<group>"; };
/* End PBXFileReference section */

/* Begin PBXFrameworksBuildPhase section */
		1FE80AB01932ECEA00DC3D69 /* Frameworks */ = {
			isa = PBXFrameworksBuildPhase;
			buildActionMask = 2147483647;
			files = (
				1FE80AB91932ECEA00DC3D69 /* CoreGraphics.framework in Frameworks */,
				1FE80ABB1932ECEA00DC3D69 /* UIKit.framework in Frameworks */,
				1FE80AB71932ECEA00DC3D69 /* Foundation.framework in Frameworks */,
			);
			runOnlyForDeploymentPostprocessing = 0;
		};
		1FE80AD41932ECEA00DC3D69 /* Frameworks */ = {
			isa = PBXFrameworksBuildPhase;
			buildActionMask = 2147483647;
			files = (
				1FE80AD91932ECEA00DC3D69 /* XCTest.framework in Frameworks */,
				1FE80ADB1932ECEA00DC3D69 /* UIKit.framework in Frameworks */,
				1FE80ADA1932ECEA00DC3D69 /* Foundation.framework in Frameworks */,
				40BCD4322E4640D687A451A0 /* libPods-BoodexTests.a in Frameworks */,
			);
			runOnlyForDeploymentPostprocessing = 0;
		};
/* End PBXFrameworksBuildPhase section */

/* Begin PBXGroup section */
		1F97B5D71932F09300D09392 /* controller */ = {
			isa = PBXGroup;
			children = (
			);
			path = controller;
			sourceTree = "<group>";
		};
		1F97B5D81932F09300D09392 /* model */ = {
			isa = PBXGroup;
			children = (
			);
			path = model;
			sourceTree = "<group>";
		};
		1F97B5D91932F09300D09392 /* view_iPad */ = {
			isa = PBXGroup;
			children = (
				1FE80ACB1932ECEA00DC3D69 /* Main_iPad.storyboard */,
			);
			path = view_iPad;
			sourceTree = "<group>";
		};
		1F97B5DA1932F09300D09392 /* view_iPhone */ = {
			isa = PBXGroup;
			children = (
				1FE80AC81932ECEA00DC3D69 /* Main_iPhone.storyboard */,
			);
			path = view_iPhone;
			sourceTree = "<group>";
		};
		1F97CAC119333857006F7519 /* AirFrameworkTests */ = {
			isa = PBXGroup;
			children = (
				1F97CAC219333857006F7519 /* AirTests.m */,
				1F97CAC319333857006F7519 /* mvcTests */,
				1F97CAC719333857006F7519 /* systemTests */,
				1F97CAD819333857006F7519 /* vendorTests */,
			);
			path = AirFrameworkTests;
			sourceTree = "<group>";
		};
		1F97CAC319333857006F7519 /* mvcTests */ = {
			isa = PBXGroup;
			children = (
				1F97CAC419333857006F7519 /* controllerTests */,
				1F97CAC519333857006F7519 /* modelTests */,
				1F97CAC619333857006F7519 /* viewTests */,
			);
			path = mvcTests;
			sourceTree = "<group>";
		};
		1F97CAC419333857006F7519 /* controllerTests */ = {
			isa = PBXGroup;
			children = (
			);
			path = controllerTests;
			sourceTree = "<group>";
		};
		1F97CAC519333857006F7519 /* modelTests */ = {
			isa = PBXGroup;
			children = (
			);
			path = modelTests;
			sourceTree = "<group>";
		};
		1F97CAC619333857006F7519 /* viewTests */ = {
			isa = PBXGroup;
			children = (
			);
			path = viewTests;
			sourceTree = "<group>";
		};
		1F97CAC719333857006F7519 /* systemTests */ = {
			isa = PBXGroup;
			children = (
				1F97CAC819333857006F7519 /* cacheTests */,
				1F97CACA19333857006F7519 /* databaseTests */,
				1F97CACD19333857006F7519 /* foundationTests */,
				1F97CAD019333857006F7519 /* localizationTests */,
				1F97CAD119333857006F7519 /* networkTests */,
				1F97CAD519333857006F7519 /* resourceTests */,
				1F97CAD719333857006F7519 /* serviceTests */,
			);
			path = systemTests;
			sourceTree = "<group>";
		};
		1F97CAC819333857006F7519 /* cacheTests */ = {
			isa = PBXGroup;
			children = (
				1F97CAC919333857006F7519 /* extensionTests */,
			);
			path = cacheTests;
			sourceTree = "<group>";
		};
		1F97CAC919333857006F7519 /* extensionTests */ = {
			isa = PBXGroup;
			children = (
			);
			path = extensionTests;
			sourceTree = "<group>";
		};
		1F97CACA19333857006F7519 /* databaseTests */ = {
			isa = PBXGroup;
			children = (
				1F97CACB19333857006F7519 /* driverTests */,
				1F97CACC19333857006F7519 /* extensionTests */,
			);
			path = databaseTests;
			sourceTree = "<group>";
		};
		1F97CACB19333857006F7519 /* driverTests */ = {
			isa = PBXGroup;
			children = (
			);
			path = driverTests;
			sourceTree = "<group>";
		};
		1F97CACC19333857006F7519 /* extensionTests */ = {
			isa = PBXGroup;
			children = (
			);
			path = extensionTests;
			sourceTree = "<group>";
		};
		1F97CACD19333857006F7519 /* foundationTests */ = {
			isa = PBXGroup;
			children = (
				1F97CACE19333857006F7519 /* Air_Singleton.h */,
				1F97CACF19333857006F7519 /* extensionTests */,
			);
			path = foundationTests;
			sourceTree = "<group>";
		};
		1F97CACF19333857006F7519 /* extensionTests */ = {
			isa = PBXGroup;
			children = (
			);
			path = extensionTests;
			sourceTree = "<group>";
		};
		1F97CAD019333857006F7519 /* localizationTests */ = {
			isa = PBXGroup;
			children = (
			);
			path = localizationTests;
			sourceTree = "<group>";
		};
		1F97CAD119333857006F7519 /* networkTests */ = {
			isa = PBXGroup;
			children = (
				1F97CAD219333857006F7519 /* httpTests */,
				1F97CAD319333857006F7519 /* reachabilityTests */,
				1F97CAD419333857006F7519 /* socketTests */,
			);
			path = networkTests;
			sourceTree = "<group>";
		};
		1F97CAD219333857006F7519 /* httpTests */ = {
			isa = PBXGroup;
			children = (
			);
			path = httpTests;
			sourceTree = "<group>";
		};
		1F97CAD319333857006F7519 /* reachabilityTests */ = {
			isa = PBXGroup;
			children = (
			);
			path = reachabilityTests;
			sourceTree = "<group>";
		};
		1F97CAD419333857006F7519 /* socketTests */ = {
			isa = PBXGroup;
			children = (
			);
			path = socketTests;
			sourceTree = "<group>";
		};
		1F97CAD519333857006F7519 /* resourceTests */ = {
			isa = PBXGroup;
			children = (
				1F97CAD619333857006F7519 /* extensionTests */,
			);
			path = resourceTests;
			sourceTree = "<group>";
		};
		1F97CAD619333857006F7519 /* extensionTests */ = {
			isa = PBXGroup;
			children = (
			);
			path = extensionTests;
			sourceTree = "<group>";
		};
		1F97CAD719333857006F7519 /* serviceTests */ = {
			isa = PBXGroup;
			children = (
			);
			path = serviceTests;
			sourceTree = "<group>";
		};
		1F97CAD819333857006F7519 /* vendorTests */ = {
			isa = PBXGroup;
			children = (
			);
			path = vendorTests;
			sourceTree = "<group>";
		};
		1F97CADA19333ADB006F7519 /* AirFramework */ = {
			isa = PBXGroup;
			children = (
				1F97CADB19333ADB006F7519 /* Air.h */,
				1F97CADC19333ADB006F7519 /* Air.m */,
				1F97CADD19333ADB006F7519 /* Air_Precompile.h */,
				1F97CADE19333ADB006F7519 /* Air_Version.h */,
				1F97CADF19333ADB006F7519 /* Air_Version.m */,
				1F97CAE019333ADB006F7519 /* common */,
				1F97CAE319333ADB006F7519 /* mvc */,
				1F97CAFC19333ADB006F7519 /* system */,
				1F97CB1319333ADB006F7519 /* vendor */,
				1F97CBC8193347AB006F7519 /* resource */,
			);
			path = AirFramework;
			sourceTree = "<group>";
		};
		1F97CAE019333ADB006F7519 /* common */ = {
			isa = PBXGroup;
			children = (
				1F97CAE119333ADB006F7519 /* interapp */,
				1F97CAE219333ADB006F7519 /* launcher */,
			);
			path = common;
			sourceTree = "<group>";
		};
		1F97CAE119333ADB006F7519 /* interapp */ = {
			isa = PBXGroup;
			children = (
			);
			path = interapp;
			sourceTree = "<group>";
		};
		1F97CAE219333ADB006F7519 /* launcher */ = {
			isa = PBXGroup;
			children = (
			);
			path = launcher;
			sourceTree = "<group>";
		};
		1F97CAE319333ADB006F7519 /* mvc */ = {
			isa = PBXGroup;
			children = (
				1F97CAE419333ADB006F7519 /* Air_MVC.h */,
				1F97CAE519333ADB006F7519 /* Air_MVC.m */,
				1F97CAE619333ADB006F7519 /* controller */,
				1F97CAE919333ADB006F7519 /* model */,
				1F97CAEC19333ADB006F7519 /* view */,
			);
			path = mvc;
			sourceTree = "<group>";
		};
		1F97CAE619333ADB006F7519 /* controller */ = {
			isa = PBXGroup;
			children = (
				1F97CAE719333ADB006F7519 /* Air_Controller.h */,
				1F97CAE819333ADB006F7519 /* Air_Controller.m */,
			);
			path = controller;
			sourceTree = "<group>";
		};
		1F97CAE919333ADB006F7519 /* model */ = {
			isa = PBXGroup;
			children = (
				1F97CAEA19333ADB006F7519 /* Air_Model.h */,
				1F97CAEB19333ADB006F7519 /* Air_Model.m */,
			);
			path = model;
			sourceTree = "<group>";
		};
		1F97CAEC19333ADB006F7519 /* view */ = {
			isa = PBXGroup;
			children = (
				1F97CAED19333ADB006F7519 /* Air_View.h */,
				1F97CAEE19333ADB006F7519 /* Air_View.m */,
				1F97CAEF19333ADB006F7519 /* animation */,
				1F97CAF019333ADB006F7519 /* capability */,
				1F97CAF219333ADB006F7519 /* common */,
				1F97CAF419333ADB006F7519 /* config */,
				1F97CAF519333ADB006F7519 /* element */,
				1F97CAF919333ADB006F7519 /* layout */,
				1F97CAFA19333ADB006F7519 /* model */,
				1F97CAFB19333ADB006F7519 /* transition */,
			);
			path = view;
			sourceTree = "<group>";
		};
		1F97CAEF19333ADB006F7519 /* animation */ = {
			isa = PBXGroup;
			children = (
			);
			path = animation;
			sourceTree = "<group>";
		};
		1F97CAF019333ADB006F7519 /* capability */ = {
			isa = PBXGroup;
			children = (
				1F97CAF119333ADB006F7519 /* extension */,
			);
			path = capability;
			sourceTree = "<group>";
		};
		1F97CAF119333ADB006F7519 /* extension */ = {
			isa = PBXGroup;
			children = (
			);
			path = extension;
			sourceTree = "<group>";
		};
		1F97CAF219333ADB006F7519 /* common */ = {
			isa = PBXGroup;
			children = (
				1F97CAF319333ADB006F7519 /* extension */,
			);
			path = common;
			sourceTree = "<group>";
		};
		1F97CAF319333ADB006F7519 /* extension */ = {
			isa = PBXGroup;
			children = (
				1F97CBE119337BE8006F7519 /* UIFont+AirExtension.h */,
				1F97CBE219337BE8006F7519 /* UIFont+AirExtension.m */,
				1F97CBDD19337BD7006F7519 /* UIImage+AirExtension.h */,
				1F97CBDE19337BD7006F7519 /* UIImage+AirExtension.m */,
			);
			path = extension;
			sourceTree = "<group>";
		};
		1F97CAF419333ADB006F7519 /* config */ = {
			isa = PBXGroup;
			children = (
			);
			path = config;
			sourceTree = "<group>";
		};
		1F97CAF519333ADB006F7519 /* element */ = {
			isa = PBXGroup;
			children = (
				1F97CB7E1933414D006F7519 /* Air_UITabBar.h */,
				1F97CB7F1933414D006F7519 /* Air_UITabBar.m */,
				1F97CB801933414D006F7519 /* Air_UITabBarController.h */,
				1F97CB811933414D006F7519 /* Air_UITabBarController.m */,
				1F97CB821933414D006F7519 /* Air_UITabBarItem.h */,
				1F97CB831933414D006F7519 /* Air_UITabBarItem.m */,
				1F97CAF619333ADB006F7519 /* backward */,
				1F97CAF719333ADB006F7519 /* badge */,
				1F97CAF819333ADB006F7519 /* extension */,
			);
			path = element;
			sourceTree = "<group>";
		};
		1F97CAF619333ADB006F7519 /* backward */ = {
			isa = PBXGroup;
			children = (
			);
			path = backward;
			sourceTree = "<group>";
		};
		1F97CAF719333ADB006F7519 /* badge */ = {
			isa = PBXGroup;
			children = (
			);
			path = badge;
			sourceTree = "<group>";
		};
		1F97CAF819333ADB006F7519 /* extension */ = {
			isa = PBXGroup;
			children = (
			);
			path = extension;
			sourceTree = "<group>";
		};
		1F97CAF919333ADB006F7519 /* layout */ = {
			isa = PBXGroup;
			children = (
			);
			path = layout;
			sourceTree = "<group>";
		};
		1F97CAFA19333ADB006F7519 /* model */ = {
			isa = PBXGroup;
			children = (
			);
			path = model;
			sourceTree = "<group>";
		};
		1F97CAFB19333ADB006F7519 /* transition */ = {
			isa = PBXGroup;
			children = (
			);
			path = transition;
			sourceTree = "<group>";
		};
		1F97CAFC19333ADB006F7519 /* system */ = {
			isa = PBXGroup;
			children = (
				1F97CAFD19333ADB006F7519 /* Air_System.h */,
				1F97CAFE19333ADB006F7519 /* Air_System.m */,
				1F97CAFF19333ADB006F7519 /* cache */,
				1F97CB0119333ADB006F7519 /* database */,
				1F97CB0419333ADB006F7519 /* foundation */,
				1F97CB0B19333ADB006F7519 /* localization */,
				1F97CB0C19333ADB006F7519 /* network */,
				1F97CB1019333ADB006F7519 /* resource */,
				1F97CB1219333ADB006F7519 /* service */,
			);
			path = system;
			sourceTree = "<group>";
		};
		1F97CAFF19333ADB006F7519 /* cache */ = {
			isa = PBXGroup;
			children = (
				1F97CB0019333ADB006F7519 /* extension */,
			);
			path = cache;
			sourceTree = "<group>";
		};
		1F97CB0019333ADB006F7519 /* extension */ = {
			isa = PBXGroup;
			children = (
			);
			path = extension;
			sourceTree = "<group>";
		};
		1F97CB0119333ADB006F7519 /* database */ = {
			isa = PBXGroup;
			children = (
				1F97CB0219333ADB006F7519 /* driver */,
				1F97CB0319333ADB006F7519 /* extension */,
			);
			path = database;
			sourceTree = "<group>";
		};
		1F97CB0219333ADB006F7519 /* driver */ = {
			isa = PBXGroup;
			children = (
			);
			path = driver;
			sourceTree = "<group>";
		};
		1F97CB0319333ADB006F7519 /* extension */ = {
			isa = PBXGroup;
			children = (
			);
			path = extension;
			sourceTree = "<group>";
		};
		1F97CB0419333ADB006F7519 /* foundation */ = {
			isa = PBXGroup;
			children = (
				1F97CB0519333ADB006F7519 /* Air_Foundation.h */,
				1F97CB0619333ADB006F7519 /* Air_Foundation.m */,
				1F97CB0719333ADB006F7519 /* Air_Singleton.h */,
				1F97CB0819333ADB006F7519 /* Air_SystemInfo.h */,
				1F97CB0919333ADB006F7519 /* Air_SystemInfo.m */,
				1F97CB0A19333ADB006F7519 /* extension */,
			);
			path = foundation;
			sourceTree = "<group>";
		};
		1F97CB0A19333ADB006F7519 /* extension */ = {
			isa = PBXGroup;
			children = (
			);
			path = extension;
			sourceTree = "<group>";
		};
		1F97CB0B19333ADB006F7519 /* localization */ = {
			isa = PBXGroup;
			children = (
			);
			path = localization;
			sourceTree = "<group>";
		};
		1F97CB0C19333ADB006F7519 /* network */ = {
			isa = PBXGroup;
			children = (
				1F97CB0D19333ADB006F7519 /* http */,
				1F97CB0E19333ADB006F7519 /* reachability */,
				1F97CB0F19333ADB006F7519 /* socket */,
			);
			path = network;
			sourceTree = "<group>";
		};
		1F97CB0D19333ADB006F7519 /* http */ = {
			isa = PBXGroup;
			children = (
			);
			path = http;
			sourceTree = "<group>";
		};
		1F97CB0E19333ADB006F7519 /* reachability */ = {
			isa = PBXGroup;
			children = (
			);
			path = reachability;
			sourceTree = "<group>";
		};
		1F97CB0F19333ADB006F7519 /* socket */ = {
			isa = PBXGroup;
			children = (
			);
			path = socket;
			sourceTree = "<group>";
		};
		1F97CB1019333ADB006F7519 /* resource */ = {
			isa = PBXGroup;
			children = (
				1F97CB1119333ADB006F7519 /* extension */,
			);
			path = resource;
			sourceTree = "<group>";
		};
		1F97CB1119333ADB006F7519 /* extension */ = {
			isa = PBXGroup;
			children = (
			);
			path = extension;
			sourceTree = "<group>";
		};
		1F97CB1219333ADB006F7519 /* service */ = {
			isa = PBXGroup;
			children = (
			);
			path = service;
			sourceTree = "<group>";
		};
		1F97CB1319333ADB006F7519 /* vendor */ = {
			isa = PBXGroup;
			children = (
				1F97CB1419333ADB006F7519 /* Air_Vendor.h */,
				1F97CB1619333ADB006F7519 /* common */,
				1F97CB1A19333ADB006F7519 /* database */,
				1F97CB1C19333ADB006F7519 /* multimedia */,
				1F97CB2119333ADB006F7519 /* network */,
				1F97CB2319333ADB006F7519 /* sensor */,
				1F97CB2719333ADB006F7519 /* ui */,
			);
			path = vendor;
			sourceTree = "<group>";
		};
		1F97CB1619333ADB006F7519 /* common */ = {
			isa = PBXGroup;
			children = (
				1F97CB1719333ADB006F7519 /* Air_VendorCommon.h */,
				1F97CB1819333ADB006F7519 /* location */,
				1F97CB1919333ADB006F7519 /* socialization */,
			);
			path = common;
			sourceTree = "<group>";
		};
		1F97CB1819333ADB006F7519 /* location */ = {
			isa = PBXGroup;
			children = (
			);
			path = location;
			sourceTree = "<group>";
		};
		1F97CB1919333ADB006F7519 /* socialization */ = {
			isa = PBXGroup;
			children = (
			);
			path = socialization;
			sourceTree = "<group>";
		};
		1F97CB1A19333ADB006F7519 /* database */ = {
			isa = PBXGroup;
			children = (
				1F97CB1B19333ADB006F7519 /* Air_VendorDatabase.h */,
			);
			path = database;
			sourceTree = "<group>";
		};
		1F97CB1C19333ADB006F7519 /* multimedia */ = {
			isa = PBXGroup;
			children = (
				1F97CB1D19333ADB006F7519 /* Air_VendorMultimedia.h */,
				1F97CB1E19333ADB006F7519 /* animation */,
				1F97CB1F19333ADB006F7519 /* audio */,
				1F97CB2019333ADB006F7519 /* video */,
			);
			path = multimedia;
			sourceTree = "<group>";
		};
		1F97CB1E19333ADB006F7519 /* animation */ = {
			isa = PBXGroup;
			children = (
			);
			path = animation;
			sourceTree = "<group>";
		};
		1F97CB1F19333ADB006F7519 /* audio */ = {
			isa = PBXGroup;
			children = (
			);
			path = audio;
			sourceTree = "<group>";
		};
		1F97CB2019333ADB006F7519 /* video */ = {
			isa = PBXGroup;
			children = (
			);
			path = video;
			sourceTree = "<group>";
		};
		1F97CB2119333ADB006F7519 /* network */ = {
			isa = PBXGroup;
			children = (
				1F97CB2219333ADB006F7519 /* Air_VendorNetwork.h */,
			);
			path = network;
			sourceTree = "<group>";
		};
		1F97CB2319333ADB006F7519 /* sensor */ = {
			isa = PBXGroup;
			children = (
				1F97CB2419333ADB006F7519 /* Air_VendorSensor.h */,
				1F97CB2519333ADB006F7519 /* coremotion */,
			);
			path = sensor;
			sourceTree = "<group>";
		};
		1F97CB2519333ADB006F7519 /* coremotion */ = {
			isa = PBXGroup;
			children = (
				1F97CB2619333ADB006F7519 /* coremotion.md */,
			);
			path = coremotion;
			sourceTree = "<group>";
		};
		1F97CB2719333ADB006F7519 /* ui */ = {
			isa = PBXGroup;
			children = (
				1F97CB2819333ADB006F7519 /* Air_VendorUI.h */,
				1F97CB2919333ADB006F7519 /* chart */,
				1F97CB2A19333ADB006F7519 /* control */,
				1F97CB5119333ADB006F7519 /* drawing */,
				1F97CB5219333ADB006F7519 /* effect */,
				1F97CB5319333ADB006F7519 /* gesture */,
				1F97CB5419333ADB006F7519 /* layout */,
				1F97CB5519333ADB006F7519 /* transition */,
				1F97CB5619333ADB006F7519 /* view */,
			);
			path = ui;
			sourceTree = "<group>";
		};
		1F97CB2919333ADB006F7519 /* chart */ = {
			isa = PBXGroup;
			children = (
			);
			path = chart;
			sourceTree = "<group>";
		};
		1F97CB2A19333ADB006F7519 /* control */ = {
			isa = PBXGroup;
			children = (
				1F97CB2B19333ADB006F7519 /* badge */,
				1F97CB2D19333ADB006F7519 /* bar */,
				1F97CB3B19333ADB006F7519 /* button */,
				1F97CB3C19333ADB006F7519 /* calendar */,
				1F97CB3D19333ADB006F7519 /* camera */,
				1F97CB3E19333ADB006F7519 /* image */,
				1F97CB3F19333ADB006F7519 /* indicator */,
				1F97CB4219333ADB006F7519 /* keyboard */,
				1F97CB4319333ADB006F7519 /* label */,
				1F97CB4419333ADB006F7519 /* map */,
				1F97CB4719333ADB006F7519 /* menu */,
				1F97CB4819333ADB006F7519 /* picker */,
				1F97CB4919333ADB006F7519 /* progress */,
				1F97CB4A19333ADB006F7519 /* segment */,
				1F97CB4B19333ADB006F7519 /* slider */,
				1F97CB4C19333ADB006F7519 /* switch */,
				1F97CB4D19333ADB006F7519 /* table */,
				1F97CB4F19333ADB006F7519 /* textfield */,
				1F97CB5019333ADB006F7519 /* textview */,
			);
			path = control;
			sourceTree = "<group>";
		};
		1F97CB2B19333ADB006F7519 /* badge */ = {
			isa = PBXGroup;
			children = (
				1F97CB2C19333ADB006F7519 /* badge.md */,
			);
			path = badge;
			sourceTree = "<group>";
		};
		1F97CB2D19333ADB006F7519 /* bar */ = {
			isa = PBXGroup;
			children = (
				1F97CB2E19333ADB006F7519 /* navbar */,
				1F97CB3619333ADB006F7519 /* statusbar */,
				1F97CB3719333ADB006F7519 /* tabbar */,
				1F97CB3919333ADB006F7519 /* toolbar */,
			);
			path = bar;
			sourceTree = "<group>";
		};
		1F97CB2E19333ADB006F7519 /* navbar */ = {
			isa = PBXGroup;
			children = (
			);
			path = navbar;
			sourceTree = "<group>";
		};
		1F97CB3619333ADB006F7519 /* statusbar */ = {
			isa = PBXGroup;
			children = (
			);
			path = statusbar;
			sourceTree = "<group>";
		};
		1F97CB3719333ADB006F7519 /* tabbar */ = {
			isa = PBXGroup;
			children = (
				1F97CB3819333ADB006F7519 /* tabbar.md */,
			);
			path = tabbar;
			sourceTree = "<group>";
		};
		1F97CB3919333ADB006F7519 /* toolbar */ = {
			isa = PBXGroup;
			children = (
				1F97CB3A19333ADB006F7519 /* toolbar.md */,
			);
			path = toolbar;
			sourceTree = "<group>";
		};
		1F97CB3B19333ADB006F7519 /* button */ = {
			isa = PBXGroup;
			children = (
			);
			path = button;
			sourceTree = "<group>";
		};
		1F97CB3C19333ADB006F7519 /* calendar */ = {
			isa = PBXGroup;
			children = (
			);
			path = calendar;
			sourceTree = "<group>";
		};
		1F97CB3D19333ADB006F7519 /* camera */ = {
			isa = PBXGroup;
			children = (
			);
			path = camera;
			sourceTree = "<group>";
		};
		1F97CB3E19333ADB006F7519 /* image */ = {
			isa = PBXGroup;
			children = (
			);
			path = image;
			sourceTree = "<group>";
		};
		1F97CB3F19333ADB006F7519 /* indicator */ = {
			isa = PBXGroup;
			children = (
				1F97CB4019333ADB006F7519 /* hud */,
			);
			path = indicator;
			sourceTree = "<group>";
		};
		1F97CB4019333ADB006F7519 /* hud */ = {
			isa = PBXGroup;
			children = (
				1F97CB4119333ADB006F7519 /* hud.md */,
			);
			path = hud;
			sourceTree = "<group>";
		};
		1F97CB4219333ADB006F7519 /* keyboard */ = {
			isa = PBXGroup;
			children = (
			);
			path = keyboard;
			sourceTree = "<group>";
		};
		1F97CB4319333ADB006F7519 /* label */ = {
			isa = PBXGroup;
			children = (
			);
			path = label;
			sourceTree = "<group>";
		};
		1F97CB4419333ADB006F7519 /* map */ = {
			isa = PBXGroup;
			children = (
				1F97CB4519333ADB006F7519 /* annotation */,
				1F97CB4619333ADB006F7519 /* overlay */,
			);
			path = map;
			sourceTree = "<group>";
		};
		1F97CB4519333ADB006F7519 /* annotation */ = {
			isa = PBXGroup;
			children = (
			);
			path = annotation;
			sourceTree = "<group>";
		};
		1F97CB4619333ADB006F7519 /* overlay */ = {
			isa = PBXGroup;
			children = (
			);
			path = overlay;
			sourceTree = "<group>";
		};
		1F97CB4719333ADB006F7519 /* menu */ = {
			isa = PBXGroup;
			children = (
			);
			path = menu;
			sourceTree = "<group>";
		};
		1F97CB4819333ADB006F7519 /* picker */ = {
			isa = PBXGroup;
			children = (
			);
			path = picker;
			sourceTree = "<group>";
		};
		1F97CB4919333ADB006F7519 /* progress */ = {
			isa = PBXGroup;
			children = (
			);
			path = progress;
			sourceTree = "<group>";
		};
		1F97CB4A19333ADB006F7519 /* segment */ = {
			isa = PBXGroup;
			children = (
			);
			path = segment;
			sourceTree = "<group>";
		};
		1F97CB4B19333ADB006F7519 /* slider */ = {
			isa = PBXGroup;
			children = (
			);
			path = slider;
			sourceTree = "<group>";
		};
		1F97CB4C19333ADB006F7519 /* switch */ = {
			isa = PBXGroup;
			children = (
			);
			path = switch;
			sourceTree = "<group>";
		};
		1F97CB4D19333ADB006F7519 /* table */ = {
			isa = PBXGroup;
			children = (
				1F97CB4E19333ADB006F7519 /* cell */,
			);
			path = table;
			sourceTree = "<group>";
		};
		1F97CB4E19333ADB006F7519 /* cell */ = {
			isa = PBXGroup;
			children = (
			);
			path = cell;
			sourceTree = "<group>";
		};
		1F97CB4F19333ADB006F7519 /* textfield */ = {
			isa = PBXGroup;
			children = (
			);
			path = textfield;
			sourceTree = "<group>";
		};
		1F97CB5019333ADB006F7519 /* textview */ = {
			isa = PBXGroup;
			children = (
			);
			path = textview;
			sourceTree = "<group>";
		};
		1F97CB5119333ADB006F7519 /* drawing */ = {
			isa = PBXGroup;
			children = (
			);
			path = drawing;
			sourceTree = "<group>";
		};
		1F97CB5219333ADB006F7519 /* effect */ = {
			isa = PBXGroup;
			children = (
			);
			path = effect;
			sourceTree = "<group>";
		};
		1F97CB5319333ADB006F7519 /* gesture */ = {
			isa = PBXGroup;
			children = (
			);
			path = gesture;
			sourceTree = "<group>";
		};
		1F97CB5419333ADB006F7519 /* layout */ = {
			isa = PBXGroup;
			children = (
			);
			path = layout;
			sourceTree = "<group>";
		};
		1F97CB5519333ADB006F7519 /* transition */ = {
			isa = PBXGroup;
			children = (
			);
			path = transition;
			sourceTree = "<group>";
		};
		1F97CB5619333ADB006F7519 /* view */ = {
			isa = PBXGroup;
			children = (
				1F97CB5719333ADB006F7519 /* alertview */,
				1F97CB5819333ADB006F7519 /* guideview */,
				1F97CB5919333ADB006F7519 /* popupview */,
				1F97CB5A19333ADB006F7519 /* scrollview */,
				1F97CB5B19333ADB006F7519 /* webview */,
			);
			path = view;
			sourceTree = "<group>";
		};
		1F97CB5719333ADB006F7519 /* alertview */ = {
			isa = PBXGroup;
			children = (
			);
			path = alertview;
			sourceTree = "<group>";
		};
		1F97CB5819333ADB006F7519 /* guideview */ = {
			isa = PBXGroup;
			children = (
			);
			path = guideview;
			sourceTree = "<group>";
		};
		1F97CB5919333ADB006F7519 /* popupview */ = {
			isa = PBXGroup;
			children = (
			);
			path = popupview;
			sourceTree = "<group>";
		};
		1F97CB5A19333ADB006F7519 /* scrollview */ = {
			isa = PBXGroup;
			children = (
			);
			path = scrollview;
			sourceTree = "<group>";
		};
		1F97CB5B19333ADB006F7519 /* webview */ = {
			isa = PBXGroup;
			children = (
			);
			path = webview;
			sourceTree = "<group>";
		};
		1F97CB8A1933460A006F7519 /* Images */ = {
			isa = PBXGroup;
			children = (
				1F97CB8B1933460A006F7519 /* first_normal.png */,
				1F97CB8C1933460A006F7519 /* first_normal@2x.png */,
				1F97CB8D1933460A006F7519 /* first_selected.png */,
				1F97CB8E1933460A006F7519 /* first_selected@2x.png */,
				1F97CB8F1933460A006F7519 /* navigationbar_background.png */,
				1F97CB901933460A006F7519 /* navigationbar_background@2x.png */,
				1F97CB911933460A006F7519 /* navigationbar_background_tall.png */,
				1F97CB921933460A006F7519 /* navigationbar_background_tall@2x.png */,
				1F97CB931933460A006F7519 /* second_normal.png */,
				1F97CB941933460A006F7519 /* second_normal@2x.png */,
				1F97CB951933460A006F7519 /* second_selected.png */,
				1F97CB961933460A006F7519 /* second_selected@2x.png */,
				1F97CB971933460A006F7519 /* tabbar_normal_background.png */,
				1F97CB981933460A006F7519 /* tabbar_normal_background@2x.png */,
				1F97CB991933460A006F7519 /* tabbar_selected_background.png */,
				1F97CB9A1933460A006F7519 /* tabbar_selected_background@2x.png */,
				1F97CB9B1933460A006F7519 /* third_normal.png */,
				1F97CB9C1933460A006F7519 /* third_normal@2x.png */,
				1F97CB9D1933460A006F7519 /* third_selected.png */,
				1F97CB9E1933460A006F7519 /* third_selected@2x.png */,
			);
			path = Images;
			sourceTree = "<group>";
		};
		1F97CBC8193347AB006F7519 /* resource */ = {
			isa = PBXGroup;
			children = (
				1F97CBD2193349AC006F7519 /* asset.xcassets */,
			);
			path = resource;
			sourceTree = "<group>";
		};
		1FE80AAA1932ECEA00DC3D69 = {
			isa = PBXGroup;
			children = (
				1F97CADA19333ADB006F7519 /* AirFramework */,
				1FE80ABC1932ECEA00DC3D69 /* Boodex */,
				1FE80ADE1932ECEA00DC3D69 /* BoodexTests */,
				1FE80AB51932ECEA00DC3D69 /* Frameworks */,
				1FE80AB41932ECEA00DC3D69 /* Products */,
				1F3FA157265945C89712F558 /* Pods-BoodexTests.xcconfig */,
			);
			sourceTree = "<group>";
		};
		1FE80AB41932ECEA00DC3D69 /* Products */ = {
			isa = PBXGroup;
			children = (
				1FE80AB31932ECEA00DC3D69 /* Boodex.app */,
				1FE80AD71932ECEA00DC3D69 /* BoodexTests.xctest */,
			);
			name = Products;
			sourceTree = "<group>";
		};
		1FE80AB51932ECEA00DC3D69 /* Frameworks */ = {
			isa = PBXGroup;
			children = (
				1FE80AB61932ECEA00DC3D69 /* Foundation.framework */,
				1FE80AB81932ECEA00DC3D69 /* CoreGraphics.framework */,
				1FE80ABA1932ECEA00DC3D69 /* UIKit.framework */,
				1FE80AD81932ECEA00DC3D69 /* XCTest.framework */,
				1C51C4886D714E8C9D55DA33 /* libPods-BoodexTests.a */,
			);
			name = Frameworks;
			sourceTree = "<group>";
		};
		1FE80ABC1932ECEA00DC3D69 /* Boodex */ = {
			isa = PBXGroup;
			children = (
				1F97CB8A1933460A006F7519 /* Images */,
				1F97B5D71932F09300D09392 /* controller */,
				1F97B5D81932F09300D09392 /* model */,
				1F97B5D91932F09300D09392 /* view_iPad */,
				1F97B5DA1932F09300D09392 /* view_iPhone */,
				1FE80AC51932ECEA00DC3D69 /* BoodexAppDelegate.h */,
				1FE80AC61932ECEA00DC3D69 /* BoodexAppDelegate.m */,
				1FE80ACE1932ECEA00DC3D69 /* BoodexViewController.h */,
				1FE80ACF1932ECEA00DC3D69 /* BoodexViewController.m */,
				1FE80AD11932ECEA00DC3D69 /* Images.xcassets */,
				1FE80ABD1932ECEA00DC3D69 /* Supporting Files */,
			);
			path = Boodex;
			sourceTree = "<group>";
		};
		1FE80ABD1932ECEA00DC3D69 /* Supporting Files */ = {
			isa = PBXGroup;
			children = (
				1FE80ABE1932ECEA00DC3D69 /* Boodex-Info.plist */,
				1FE80ABF1932ECEA00DC3D69 /* InfoPlist.strings */,
				1FE80AC21932ECEA00DC3D69 /* main.m */,
				1FE80AC41932ECEA00DC3D69 /* Boodex-Prefix.pch */,
			);
			name = "Supporting Files";
			sourceTree = "<group>";
		};
		1FE80ADE1932ECEA00DC3D69 /* BoodexTests */ = {
			isa = PBXGroup;
			children = (
				1F97CAC119333857006F7519 /* AirFrameworkTests */,
				1FE80ADF1932ECEA00DC3D69 /* Supporting Files */,
			);
			path = BoodexTests;
			sourceTree = "<group>";
		};
		1FE80ADF1932ECEA00DC3D69 /* Supporting Files */ = {
			isa = PBXGroup;
			children = (
				1FE80AE01932ECEA00DC3D69 /* BoodexTests-Info.plist */,
				1FE80AE11932ECEA00DC3D69 /* InfoPlist.strings */,
			);
			name = "Supporting Files";
			sourceTree = "<group>";
		};
/* End PBXGroup section */

/* Begin PBXNativeTarget section */
		1FE80AB21932ECEA00DC3D69 /* Boodex */ = {
			isa = PBXNativeTarget;
			buildConfigurationList = 1FE80AE81932ECEA00DC3D69 /* Build configuration list for PBXNativeTarget "Boodex" */;
			buildPhases = (
				1FE80AAF1932ECEA00DC3D69 /* Sources */,
				1FE80AB01932ECEA00DC3D69 /* Frameworks */,
				1FE80AB11932ECEA00DC3D69 /* Resources */,
			);
			buildRules = (
			);
			dependencies = (
			);
			name = Boodex;
			productName = Boodex;
			productReference = 1FE80AB31932ECEA00DC3D69 /* Boodex.app */;
			productType = "com.apple.product-type.application";
		};
		1FE80AD61932ECEA00DC3D69 /* BoodexTests */ = {
			isa = PBXNativeTarget;
			buildConfigurationList = 1FE80AEB1932ECEA00DC3D69 /* Build configuration list for PBXNativeTarget "BoodexTests" */;
			buildPhases = (
				B0E25961A35C4B808B38C3E7 /* Check Pods Manifest.lock */,
				1FE80AD31932ECEA00DC3D69 /* Sources */,
				1FE80AD41932ECEA00DC3D69 /* Frameworks */,
				1FE80AD51932ECEA00DC3D69 /* Resources */,
				D0B42A27A8A7452AB80D8DCB /* Copy Pods Resources */,
			);
			buildRules = (
			);
			dependencies = (
				1FE80ADD1932ECEA00DC3D69 /* PBXTargetDependency */,
			);
			name = BoodexTests;
			productName = BoodexTests;
			productReference = 1FE80AD71932ECEA00DC3D69 /* BoodexTests.xctest */;
			productType = "com.apple.product-type.bundle.unit-test";
		};
/* End PBXNativeTarget section */

/* Begin PBXProject section */
		1FE80AAB1932ECEA00DC3D69 /* Project object */ = {
			isa = PBXProject;
			attributes = {
				CLASSPREFIX = Boodex;
				LastUpgradeCheck = 0510;
				ORGANIZATIONNAME = lzhteng;
				TargetAttributes = {
					1FE80AD61932ECEA00DC3D69 = {
						TestTargetID = 1FE80AB21932ECEA00DC3D69;
					};
				};
			};
			buildConfigurationList = 1FE80AAE1932ECEA00DC3D69 /* Build configuration list for PBXProject "Boodex" */;
			compatibilityVersion = "Xcode 3.2";
			developmentRegion = English;
			hasScannedForEncodings = 0;
			knownRegions = (
				en,
				Base,
			);
			mainGroup = 1FE80AAA1932ECEA00DC3D69;
			productRefGroup = 1FE80AB41932ECEA00DC3D69 /* Products */;
			projectDirPath = "";
			projectRoot = "";
			targets = (
				1FE80AB21932ECEA00DC3D69 /* Boodex */,
				1FE80AD61932ECEA00DC3D69 /* BoodexTests */,
			);
		};
/* End PBXProject section */

/* Begin PBXResourcesBuildPhase section */
		1FE80AB11932ECEA00DC3D69 /* Resources */ = {
			isa = PBXResourcesBuildPhase;
			buildActionMask = 2147483647;
			files = (
				1F97CB7819333ADB006F7519 /* tabbar.md in Resources */,
				1F97CBB11933460A006F7519 /* second_normal@2x.png in Resources */,
				1F97CB9F1933460A006F7519 /* first_normal.png in Resources */,
				1F97CBA51933460A006F7519 /* first_selected@2x.png in Resources */,
				1FE80ACD1932ECEA00DC3D69 /* Main_iPad.storyboard in Resources */,
				1F97CBA11933460A006F7519 /* first_normal@2x.png in Resources */,
				1F97CBBF1933460A006F7519 /* third_normal.png in Resources */,
				1F97CBBD1933460A006F7519 /* tabbar_selected_background@2x.png in Resources */,
				1FE80AD21932ECEA00DC3D69 /* Images.xcassets in Resources */,
				1F97CB7019333ADB006F7519 /* badge.md in Resources */,
				1F97CB7A19333ADB006F7519 /* toolbar.md in Resources */,
				1F97CBC51933460A006F7519 /* third_selected@2x.png in Resources */,
				1F97CBAF1933460A006F7519 /* second_normal.png in Resources */,
				1F97CBB91933460A006F7519 /* tabbar_normal_background@2x.png in Resources */,
				1F97CBB51933460A006F7519 /* second_selected@2x.png in Resources */,
				1F97CBB31933460A006F7519 /* second_selected.png in Resources */,
				1F97CBA91933460A006F7519 /* navigationbar_background@2x.png in Resources */,
				1FE80ACA1932ECEA00DC3D69 /* Main_iPhone.storyboard in Resources */,
				1FE80AC11932ECEA00DC3D69 /* InfoPlist.strings in Resources */,
				1F97CBA31933460A006F7519 /* first_selected.png in Resources */,
				1F97CBAB1933460A006F7519 /* navigationbar_background_tall.png in Resources */,
				1F97CBC31933460A006F7519 /* third_selected.png in Resources */,
				1F97CBA71933460A006F7519 /* navigationbar_background.png in Resources */,
				1F97CBB71933460A006F7519 /* tabbar_normal_background.png in Resources */,
				1F97CBBB1933460A006F7519 /* tabbar_selected_background.png in Resources */,
				1F97CBC11933460A006F7519 /* third_normal@2x.png in Resources */,
				1F97CBD3193349AC006F7519 /* asset.xcassets in Resources */,
				1F97CB6E19333ADB006F7519 /* coremotion.md in Resources */,
				1F97CBAD1933460A006F7519 /* navigationbar_background_tall@2x.png in Resources */,
				1F97CB7C19333ADB006F7519 /* hud.md in Resources */,
			);
			runOnlyForDeploymentPostprocessing = 0;
		};
		1FE80AD51932ECEA00DC3D69 /* Resources */ = {
			isa = PBXResourcesBuildPhase;
			buildActionMask = 2147483647;
			files = (
				1F97CBA61933460A006F7519 /* first_selected@2x.png in Resources */,
				1F97CBA41933460A006F7519 /* first_selected.png in Resources */,
				1F97CBA21933460A006F7519 /* first_normal@2x.png in Resources */,
				1F97CBB41933460A006F7519 /* second_selected.png in Resources */,
				1F97CBB81933460A006F7519 /* tabbar_normal_background.png in Resources */,
				1F97CB7B19333ADB006F7519 /* toolbar.md in Resources */,
				1F97CBC41933460A006F7519 /* third_selected.png in Resources */,
				1F97CB7919333ADB006F7519 /* tabbar.md in Resources */,
				1F97CBB21933460A006F7519 /* second_normal@2x.png in Resources */,
				1F97CBC61933460A006F7519 /* third_selected@2x.png in Resources */,
				1F97CB7D19333ADB006F7519 /* hud.md in Resources */,
				1FE80AE31932ECEA00DC3D69 /* InfoPlist.strings in Resources */,
				1F97CB6F19333ADB006F7519 /* coremotion.md in Resources */,
				1F97CBC21933460A006F7519 /* third_normal@2x.png in Resources */,
				1F97CBAA1933460A006F7519 /* navigationbar_background@2x.png in Resources */,
				1F97CBA01933460A006F7519 /* first_normal.png in Resources */,
				1F97CBAC1933460A006F7519 /* navigationbar_background_tall.png in Resources */,
				1F97CBB61933460A006F7519 /* second_selected@2x.png in Resources */,
				1F97CBBA1933460A006F7519 /* tabbar_normal_background@2x.png in Resources */,
				1F97CBB01933460A006F7519 /* second_normal.png in Resources */,
				1F97CBBC1933460A006F7519 /* tabbar_selected_background.png in Resources */,
				1F97CBAE1933460A006F7519 /* navigationbar_background_tall@2x.png in Resources */,
				1F97CBBE1933460A006F7519 /* tabbar_selected_background@2x.png in Resources */,
				1F97CBA81933460A006F7519 /* navigationbar_background.png in Resources */,
				1F97CB7119333ADB006F7519 /* badge.md in Resources */,
				1F97CBC01933460A006F7519 /* third_normal.png in Resources */,
				1F97CBD4193349AC006F7519 /* asset.xcassets in Resources */,
			);
			runOnlyForDeploymentPostprocessing = 0;
		};
/* End PBXResourcesBuildPhase section */

/* Begin PBXShellScriptBuildPhase section */
		B0E25961A35C4B808B38C3E7 /* Check Pods Manifest.lock */ = {
			isa = PBXShellScriptBuildPhase;
			buildActionMask = 2147483647;
			files = (
			);
			inputPaths = (
			);
			name = "Check Pods Manifest.lock";
			outputPaths = (
			);
			runOnlyForDeploymentPostprocessing = 0;
			shellPath = /bin/sh;
			shellScript = "diff \"${PODS_ROOT}/../Podfile.lock\" \"${PODS_ROOT}/Manifest.lock\" > /dev/null\nif [[ $? != 0 ]] ; then\n    cat << EOM\nerror: The sandbox is not in sync with the Podfile.lock. Run 'pod install' or update your CocoaPods installation.\nEOM\n    exit 1\nfi\n";
			showEnvVarsInLog = 0;
		};
		D0B42A27A8A7452AB80D8DCB /* Copy Pods Resources */ = {
			isa = PBXShellScriptBuildPhase;
			buildActionMask = 2147483647;
			files = (
			);
			inputPaths = (
			);
			name = "Copy Pods Resources";
			outputPaths = (
			);
			runOnlyForDeploymentPostprocessing = 0;
			shellPath = /bin/sh;
			shellScript = "\"${SRCROOT}/Pods/Pods-BoodexTests-resources.sh\"\n";
			showEnvVarsInLog = 0;
		};
/* End PBXShellScriptBuildPhase section */

/* Begin PBXSourcesBuildPhase section */
		1FE80AAF1932ECEA00DC3D69 /* Sources */ = {
			isa = PBXSourcesBuildPhase;
			buildActionMask = 2147483647;
			files = (
				1F97CB5E19333ADB006F7519 /* Air_Version.m in Sources */,
				1F97CB5C19333ADB006F7519 /* Air.m in Sources */,
				1F97CB861933414D006F7519 /* Air_UITabBarController.m in Sources */,
				1F97CB6419333ADB006F7519 /* Air_Model.m in Sources */,
				1FE80AC31932ECEA00DC3D69 /* main.m in Sources */,
				1F97CB881933414D006F7519 /* Air_UITabBarItem.m in Sources */,
				1F97CBE319337BE8006F7519 /* UIFont+AirExtension.m in Sources */,
				1F97CB6019333ADB006F7519 /* Air_MVC.m in Sources */,
				1F97CB6819333ADB006F7519 /* Air_System.m in Sources */,
				1FE80AD01932ECEA00DC3D69 /* BoodexViewController.m in Sources */,
				1F97CB6C19333ADB006F7519 /* Air_SystemInfo.m in Sources */,
				1F97CB6219333ADB006F7519 /* Air_Controller.m in Sources */,
				1FE80AC71932ECEA00DC3D69 /* BoodexAppDelegate.m in Sources */,
				1F97CB6A19333ADB006F7519 /* Air_Foundation.m in Sources */,
				1F97CB841933414D006F7519 /* Air_UITabBar.m in Sources */,
				1F97CB6619333ADB006F7519 /* Air_View.m in Sources */,
				1F97CBDF19337BD7006F7519 /* UIImage+AirExtension.m in Sources */,
			);
			runOnlyForDeploymentPostprocessing = 0;
		};
		1FE80AD31932ECEA00DC3D69 /* Sources */ = {
			isa = PBXSourcesBuildPhase;
			buildActionMask = 2147483647;
			files = (
				1F97CB6519333ADB006F7519 /* Air_Model.m in Sources */,
				1F97CB5D19333ADB006F7519 /* Air.m in Sources */,
				1F97CB6319333ADB006F7519 /* Air_Controller.m in Sources */,
				1F97CB851933414D006F7519 /* Air_UITabBar.m in Sources */,
				1F97CB871933414D006F7519 /* Air_UITabBarController.m in Sources */,
				1F97CB6119333ADB006F7519 /* Air_MVC.m in Sources */,
				1F97CBE019337BD7006F7519 /* UIImage+AirExtension.m in Sources */,
				1F97CAD919333857006F7519 /* AirTests.m in Sources */,
				1F97CB6B19333ADB006F7519 /* Air_Foundation.m in Sources */,
				1F97CBE419337BE8006F7519 /* UIFont+AirExtension.m in Sources */,
				1F97CB5F19333ADB006F7519 /* Air_Version.m in Sources */,
				1F97CB6D19333ADB006F7519 /* Air_SystemInfo.m in Sources */,
				1F97CB6719333ADB006F7519 /* Air_View.m in Sources */,
				1F97CB6919333ADB006F7519 /* Air_System.m in Sources */,
				1F97CB891933414D006F7519 /* Air_UITabBarItem.m in Sources */,
			);
			runOnlyForDeploymentPostprocessing = 0;
		};
/* End PBXSourcesBuildPhase section */

/* Begin PBXTargetDependency section */
		1FE80ADD1932ECEA00DC3D69 /* PBXTargetDependency */ = {
			isa = PBXTargetDependency;
			target = 1FE80AB21932ECEA00DC3D69 /* Boodex */;
			targetProxy = 1FE80ADC1932ECEA00DC3D69 /* PBXContainerItemProxy */;
		};
/* End PBXTargetDependency section */

/* Begin PBXVariantGroup section */
		1FE80ABF1932ECEA00DC3D69 /* InfoPlist.strings */ = {
			isa = PBXVariantGroup;
			children = (
				1FE80AC01932ECEA00DC3D69 /* en */,
			);
			name = InfoPlist.strings;
			sourceTree = "<group>";
		};
		1FE80AC81932ECEA00DC3D69 /* Main_iPhone.storyboard */ = {
			isa = PBXVariantGroup;
			children = (
				1FE80AC91932ECEA00DC3D69 /* Base */,
			);
			name = Main_iPhone.storyboard;
			path = ..;
			sourceTree = "<group>";
		};
		1FE80ACB1932ECEA00DC3D69 /* Main_iPad.storyboard */ = {
			isa = PBXVariantGroup;
			children = (
				1FE80ACC1932ECEA00DC3D69 /* Base */,
			);
			name = Main_iPad.storyboard;
			path = ..;
			sourceTree = "<group>";
		};
		1FE80AE11932ECEA00DC3D69 /* InfoPlist.strings */ = {
			isa = PBXVariantGroup;
			children = (
				1FE80AE21932ECEA00DC3D69 /* en */,
			);
			name = InfoPlist.strings;
			sourceTree = "<group>";
		};
/* End PBXVariantGroup section */

/* Begin XCBuildConfiguration section */
		1FE80AE61932ECEA00DC3D69 /* Debug */ = {
			isa = XCBuildConfiguration;
			buildSettings = {
				ALWAYS_SEARCH_USER_PATHS = NO;
				CLANG_CXX_LANGUAGE_STANDARD = "gnu++0x";
				CLANG_CXX_LIBRARY = "libc++";
				CLANG_ENABLE_MODULES = YES;
				CLANG_ENABLE_OBJC_ARC = YES;
				CLANG_WARN_BOOL_CONVERSION = YES;
				CLANG_WARN_CONSTANT_CONVERSION = YES;
				CLANG_WARN_DIRECT_OBJC_ISA_USAGE = YES_ERROR;
				CLANG_WARN_EMPTY_BODY = YES;
				CLANG_WARN_ENUM_CONVERSION = YES;
				CLANG_WARN_INT_CONVERSION = YES;
				CLANG_WARN_OBJC_ROOT_CLASS = YES_ERROR;
				CLANG_WARN__DUPLICATE_METHOD_MATCH = YES;
				"CODE_SIGN_IDENTITY[sdk=iphoneos*]" = "iPhone Developer";
				COPY_PHASE_STRIP = NO;
				GCC_C_LANGUAGE_STANDARD = gnu99;
				GCC_DYNAMIC_NO_PIC = NO;
				GCC_OPTIMIZATION_LEVEL = 0;
				GCC_PREPROCESSOR_DEFINITIONS = (
					"DEBUG=1",
					"$(inherited)",
				);
				GCC_SYMBOLS_PRIVATE_EXTERN = NO;
				GCC_WARN_64_TO_32_BIT_CONVERSION = YES;
				GCC_WARN_ABOUT_RETURN_TYPE = YES_ERROR;
				GCC_WARN_UNDECLARED_SELECTOR = YES;
				GCC_WARN_UNINITIALIZED_AUTOS = YES_AGGRESSIVE;
				GCC_WARN_UNUSED_FUNCTION = YES;
				GCC_WARN_UNUSED_VARIABLE = YES;
				IPHONEOS_DEPLOYMENT_TARGET = 6.0;
				ONLY_ACTIVE_ARCH = YES;
				SDKROOT = iphoneos;
				TARGETED_DEVICE_FAMILY = "1,2";
			};
			name = Debug;
		};
		1FE80AE71932ECEA00DC3D69 /* Release */ = {
			isa = XCBuildConfiguration;
			buildSettings = {
				ALWAYS_SEARCH_USER_PATHS = NO;
				CLANG_CXX_LANGUAGE_STANDARD = "gnu++0x";
				CLANG_CXX_LIBRARY = "libc++";
				CLANG_ENABLE_MODULES = YES;
				CLANG_ENABLE_OBJC_ARC = YES;
				CLANG_WARN_BOOL_CONVERSION = YES;
				CLANG_WARN_CONSTANT_CONVERSION = YES;
				CLANG_WARN_DIRECT_OBJC_ISA_USAGE = YES_ERROR;
				CLANG_WARN_EMPTY_BODY = YES;
				CLANG_WARN_ENUM_CONVERSION = YES;
				CLANG_WARN_INT_CONVERSION = YES;
				CLANG_WARN_OBJC_ROOT_CLASS = YES_ERROR;
				CLANG_WARN__DUPLICATE_METHOD_MATCH = YES;
				"CODE_SIGN_IDENTITY[sdk=iphoneos*]" = "iPhone Developer";
				COPY_PHASE_STRIP = YES;
				ENABLE_NS_ASSERTIONS = NO;
				GCC_C_LANGUAGE_STANDARD = gnu99;
				GCC_WARN_64_TO_32_BIT_CONVERSION = YES;
				GCC_WARN_ABOUT_RETURN_TYPE = YES_ERROR;
				GCC_WARN_UNDECLARED_SELECTOR = YES;
				GCC_WARN_UNINITIALIZED_AUTOS = YES_AGGRESSIVE;
				GCC_WARN_UNUSED_FUNCTION = YES;
				GCC_WARN_UNUSED_VARIABLE = YES;
				IPHONEOS_DEPLOYMENT_TARGET = 6.0;
				SDKROOT = iphoneos;
				TARGETED_DEVICE_FAMILY = "1,2";
				VALIDATE_PRODUCT = YES;
			};
			name = Release;
		};
		1FE80AE91932ECEA00DC3D69 /* Debug */ = {
			isa = XCBuildConfiguration;
			buildSettings = {
				ASSETCATALOG_COMPILER_APPICON_NAME = AppIcon;
				ASSETCATALOG_COMPILER_LAUNCHIMAGE_NAME = LaunchImage;
				GCC_PRECOMPILE_PREFIX_HEADER = YES;
				GCC_PREFIX_HEADER = "Boodex/Boodex-Prefix.pch";
				INFOPLIST_FILE = "Boodex/Boodex-Info.plist";
				PRODUCT_NAME = "$(TARGET_NAME)";
				WRAPPER_EXTENSION = app;
			};
			name = Debug;
		};
		1FE80AEA1932ECEA00DC3D69 /* Release */ = {
			isa = XCBuildConfiguration;
			buildSettings = {
				ASSETCATALOG_COMPILER_APPICON_NAME = AppIcon;
				ASSETCATALOG_COMPILER_LAUNCHIMAGE_NAME = LaunchImage;
				GCC_PRECOMPILE_PREFIX_HEADER = YES;
				GCC_PREFIX_HEADER = "Boodex/Boodex-Prefix.pch";
				INFOPLIST_FILE = "Boodex/Boodex-Info.plist";
				PRODUCT_NAME = "$(TARGET_NAME)";
				WRAPPER_EXTENSION = app;
			};
			name = Release;
		};
		1FE80AEC1932ECEA00DC3D69 /* Debug */ = {
			isa = XCBuildConfiguration;
			baseConfigurationReference = 1F3FA157265945C89712F558 /* Pods-BoodexTests.xcconfig */;
			buildSettings = {
				ALWAYS_SEARCH_USER_PATHS = NO;
				BUNDLE_LOADER = "$(BUILT_PRODUCTS_DIR)/Boodex.app/Boodex";
				FRAMEWORK_SEARCH_PATHS = (
					"$(SDKROOT)/Developer/Library/Frameworks",
					"$(inherited)",
					"$(DEVELOPER_FRAMEWORKS_DIR)",
				);
				GCC_PRECOMPILE_PREFIX_HEADER = YES;
				GCC_PREFIX_HEADER = "Boodex/Boodex-Prefix.pch";
				GCC_PREPROCESSOR_DEFINITIONS = (
					"DEBUG=1",
					"$(inherited)",
				);
				HEADER_SEARCH_PATHS = (
					"$(inherited)",
					"${PODS_ROOT}/Headers",
					"${PODS_ROOT}/Headers/Kiwi",
					"\"${PODS_ROOT}/BuildHeaders\"",
				);
				INFOPLIST_FILE = "BoodexTests/BoodexTests-Info.plist";
				OTHER_LDFLAGS = (
					"-ObjC",
					"-framework",
					SenTestingKit,
				);
				PRODUCT_NAME = "$(TARGET_NAME)";
				TEST_HOST = "$(BUNDLE_LOADER)";
				WRAPPER_EXTENSION = xctest;
			};
			name = Debug;
		};
		1FE80AED1932ECEA00DC3D69 /* Release */ = {
			isa = XCBuildConfiguration;
			baseConfigurationReference = 1F3FA157265945C89712F558 /* Pods-BoodexTests.xcconfig */;
			buildSettings = {
				ALWAYS_SEARCH_USER_PATHS = NO;
				BUNDLE_LOADER = "$(BUILT_PRODUCTS_DIR)/Boodex.app/Boodex";
				FRAMEWORK_SEARCH_PATHS = (
					"$(SDKROOT)/Developer/Library/Frameworks",
					"$(inherited)",
					"$(DEVELOPER_FRAMEWORKS_DIR)",
				);
				GCC_PRECOMPILE_PREFIX_HEADER = YES;
				GCC_PREFIX_HEADER = "Boodex/Boodex-Prefix.pch";
				HEADER_SEARCH_PATHS = (
					"$(inherited)",
					"${PODS_ROOT}/Headers",
					"${PODS_ROOT}/Headers/Kiwi",
					"\"${PODS_ROOT}/BuildHeaders\"",
				);
				INFOPLIST_FILE = "BoodexTests/BoodexTests-Info.plist";
				OTHER_LDFLAGS = (
					"-ObjC",
					"-framework",
					SenTestingKit,
				);
				PRODUCT_NAME = "$(TARGET_NAME)";
				TEST_HOST = "$(BUNDLE_LOADER)";
				WRAPPER_EXTENSION = xctest;
			};
			name = Release;
		};
/* End XCBuildConfiguration section */

/* Begin XCConfigurationList section */
		1FE80AAE1932ECEA00DC3D69 /* Build configuration list for PBXProject "Boodex" */ = {
			isa = XCConfigurationList;
			buildConfigurations = (
				1FE80AE61932ECEA00DC3D69 /* Debug */,
				1FE80AE71932ECEA00DC3D69 /* Release */,
			);
			defaultConfigurationIsVisible = 0;
			defaultConfigurationName = Debug;
		};
		1FE80AE81932ECEA00DC3D69 /* Build configuration list for PBXNativeTarget "Boodex" */ = {
			isa = XCConfigurationList;
			buildConfigurations = (
				1FE80AE91932ECEA00DC3D69 /* Debug */,
				1FE80AEA1932ECEA00DC3D69 /* Release */,
			);
			defaultConfigurationIsVisible = 0;
			defaultConfigurationName = Debug;
		};
		1FE80AEB1932ECEA00DC3D69 /* Build configuration list for PBXNativeTarget "BoodexTests" */ = {
			isa = XCConfigurationList;
			buildConfigurations = (
				1FE80AEC1932ECEA00DC3D69 /* Debug */,
				1FE80AED1932ECEA00DC3D69 /* Release */,
			);
			defaultConfigurationIsVisible = 0;
			defaultConfigurationName = Debug;
		};
/* End XCConfigurationList section */
	};
	rootObject = 1FE80AAB1932ECEA00DC3D69 /* Project object */;
}
